
Microsoft Visual Studio Solution File, Format Version 12.00
# Visual Studio Version 17
VisualStudioVersion = 17.1.32210.238
MinimumVisualStudioVersion = 10.0.40219.1
Project("{9A19103F-16F7-4668-BE54-9A1E7A4F7556}") = "ProductService", "ProductService\ProductService.csproj", "{45EB2ACC-30AB-41F7-9544-69971FAD2A12}"
EndProject
Project("{2150E333-8FDC-42A3-9474-1A3956D46DE8}") = "Solution Items", "Solution Items", "{C29E39F1-81C3-4EC0-AC61-6722DE9A593F}"
	ProjectSection(SolutionItems) = preProject
		docker-compose.yml = docker-compose.yml
		config\nginx.conf = config\nginx.conf
		config\traefik.yml = config\traefik.yml
	EndProjectSection
EndProject
Project("{9A19103F-16F7-4668-BE54-9A1E7A4F7556}") = "BasketService", "BasketService\BasketService.csproj", "{D694A6E5-9832-4828-B765-5EC4910629BA}"
EndProject
Project("{9A19103F-16F7-4668-BE54-9A1E7A4F7556}") = "EmailService", "EmailService\EmailService.csproj", "{DE7CCA3D-E3B8-40EC-BFBC-E9B60DD23323}"
EndProject
Project("{9A19103F-16F7-4668-BE54-9A1E7A4F7556}") = "OrderService", "OrderService\OrderService.csproj", "{52FC480F-2C45-4BE4-891A-EDF4B0072F4F}"
EndProject
Global
	GlobalSection(SolutionConfigurationPlatforms) = preSolution
		Debug|Any CPU = Debug|Any CPU
		DockerCompose|Any CPU = DockerCompose|Any CPU
		Release|Any CPU = Release|Any CPU
	EndGlobalSection
	GlobalSection(ProjectConfigurationPlatforms) = postSolution
		{45EB2ACC-30AB-41F7-9544-69971FAD2A12}.Debug|Any CPU.ActiveCfg = Debug|Any CPU
		{45EB2ACC-30AB-41F7-9544-69971FAD2A12}.Debug|Any CPU.Build.0 = Debug|Any CPU
		{45EB2ACC-30AB-41F7-9544-69971FAD2A12}.DockerCompose|Any CPU.ActiveCfg = DockerCompose|Any CPU
		{45EB2ACC-30AB-41F7-9544-69971FAD2A12}.DockerCompose|Any CPU.Build.0 = DockerCompose|Any CPU
		{45EB2ACC-30AB-41F7-9544-69971FAD2A12}.Release|Any CPU.ActiveCfg = Release|Any CPU
		{45EB2ACC-30AB-41F7-9544-69971FAD2A12}.Release|Any CPU.Build.0 = Release|Any CPU
		{D694A6E5-9832-4828-B765-5EC4910629BA}.Debug|Any CPU.ActiveCfg = Debug|Any CPU
		{D694A6E5-9832-4828-B765-5EC4910629BA}.Debug|Any CPU.Build.0 = Debug|Any CPU
		{D694A6E5-9832-4828-B765-5EC4910629BA}.DockerCompose|Any CPU.ActiveCfg = Debug|Any CPU
		{D694A6E5-9832-4828-B765-5EC4910629BA}.DockerCompose|Any CPU.Build.0 = Debug|Any CPU
		{D694A6E5-9832-4828-B765-5EC4910629BA}.Release|Any CPU.ActiveCfg = Release|Any CPU
		{D694A6E5-9832-4828-B765-5EC4910629BA}.Release|Any CPU.Build.0 = Release|Any CPU
		{DE7CCA3D-E3B8-40EC-BFBC-E9B60DD23323}.Debug|Any CPU.ActiveCfg = Debug|Any CPU
		{DE7CCA3D-E3B8-40EC-BFBC-E9B60DD23323}.Debug|Any CPU.Build.0 = Debug|Any CPU
		{DE7CCA3D-E3B8-40EC-BFBC-E9B60DD23323}.DockerCompose|Any CPU.ActiveCfg = Debug|Any CPU
		{DE7CCA3D-E3B8-40EC-BFBC-E9B60DD23323}.DockerCompose|Any CPU.Build.0 = Debug|Any CPU
		{DE7CCA3D-E3B8-40EC-BFBC-E9B60DD23323}.Release|Any CPU.ActiveCfg = Release|Any CPU
		{DE7CCA3D-E3B8-40EC-BFBC-E9B60DD23323}.Release|Any CPU.Build.0 = Release|Any CPU
		{52FC480F-2C45-4BE4-891A-EDF4B0072F4F}.Debug|Any CPU.ActiveCfg = Debug|Any CPU
		{52FC480F-2C45-4BE4-891A-EDF4B0072F4F}.Debug|Any CPU.Build.0 = Debug|Any CPU
		{52FC480F-2C45-4BE4-891A-EDF4B0072F4F}.DockerCompose|Any CPU.ActiveCfg = Debug|Any CPU
		{52FC480F-2C45-4BE4-891A-EDF4B0072F4F}.DockerCompose|Any CPU.Build.0 = Debug|Any CPU
		{52FC480F-2C45-4BE4-891A-EDF4B0072F4F}.Release|Any CPU.ActiveCfg = Release|Any CPU
		{52FC480F-2C45-4BE4-891A-EDF4B0072F4F}.Release|Any CPU.Build.0 = Release|Any CPU
	EndGlobalSection
	GlobalSection(SolutionProperties) = preSolution
		HideSolutionNode = FALSE
	EndGlobalSection
	GlobalSection(ExtensibilityGlobals) = postSolution
		SolutionGuid = {C7BE639A-9CAB-4166-98B7-1845CC425F82}
	EndGlobalSection
EndGlobal
